{
  "originHash" : "18b54834fc8c96cb700becb1c9619941ff1d92d05bc5311b5209209db0e7d10c",
  "pins" : [
    {
      "identity" : "japanholidays_swift",
      "kind" : "remoteSourceControl",
      "location" : "https://github.com/kenji-fujisawa/JapanHolidays_Swift",
      "state" : {
        "revision" : "2383bea67fbcfda9aa89321f0d414bbee3529e58",
        "version" : "1.0.1"
      }
    },
    {
      "identity" : "ohhttpstubs?tab=readme-ov-file",
      "kind" : "remoteSourceControl",
      "location" : "https://github.com/AliSoftware/OHHTTPStubs?tab=readme-ov-file",
      "state" : {
        "revision" : "12f19662426d0434d6c330c6974d53e2eb10ecd9",
        "version" : "9.1.0"
      }
    }
  ],
  "version" : 3
}
