// !$*UTF8*$!
{
	archiveVersion = 1;
	classes = {
	};
	objectVersion = 77;
	objects = {

/* Begin PBXBuildFile section */
		CA07B6A42F44378600656E80 /* JapanHolidays in Frameworks */ = {isa = PBXBuildFile; productRef = CA07B6A32F44378600656E80 /* JapanHolidays */; };
		CA8C83442F04E73700BB46FA /* OHHTTPStubs in Frameworks */ = {isa = PBXBuildFile; productRef = CA8C83432F04E73700BB46FA /* OHHTTPStubs */; };
		CA8C83462F04E73700BB46FA /* OHHTTPStubsSwift in Frameworks */ = {isa = PBXBuildFile; productRef = CA8C83452F04E73700BB46FA /* OHHTTPStubsSwift */; };
/* End PBXBuildFile section */

/* Begin PBXContainerItemProxy section */
		CA418FB92F037BDA0074B2E2 /* PBXContainerItemProxy */ = {
			isa = PBXContainerItemProxy;
			containerPortal = CA5660182EB2084D0020C944 /* Project object */;
			proxyType = 1;
			remoteGlobalIDString = CA56601F2EB2084D0020C944;
			remoteInfo = TimeCardClientIOS;
		};
		CA56602E2EB2084E0020C944 /* PBXContainerItemProxy */ = {
			isa = PBXContainerItemProxy;
			containerPortal = CA5660182EB2084D0020C944 /* Project object */;
			proxyType = 1;
			remoteGlobalIDString = CA56601F2EB2084D0020C944;
			remoteInfo = TimeCardClientIOS;
		};
/* End PBXContainerItemProxy section */

/* Begin PBXFileReference section */
		CA418FB32F037BDA0074B2E2 /* TimeCardClientIOSUITests.xctest */ = {isa = PBXFileReference; explicitFileType = wrapper.cfbundle; includeInIndex = 0; path = TimeCardClientIOSUITests.xctest; sourceTree = BUILT_PRODUCTS_DIR; };
		CA5660202EB2084D0020C944 /* TimeCardClientIOS.app */ = {isa = PBXFileReference; explicitFileType = wrapper.application; includeInIndex = 0; path = TimeCardClientIOS.app; sourceTree = BUILT_PRODUCTS_DIR; };
		CA56602D2EB2084E0020C944 /* TimeCardClientIOSTests.xctest */ = {isa = PBXFileReference; explicitFileType = wrapper.cfbundle; includeInIndex = 0; path = TimeCardClientIOSTests.xctest; sourceTree = BUILT_PRODUCTS_DIR; };
/* End PBXFileReference section */

/* Begin PBXFileSystemSynchronizedRootGroup section */
		CA418FB42F037BDA0074B2E2 /* TimeCardClientIOSUITests */ = {
			isa = PBXFileSystemSynchronizedRootGroup;
			path = TimeCardClientIOSUITests;
			sourceTree = "<group>";
		};
		CA5660222EB2084D0020C944 /* TimeCardClientIOS */ = {
			isa = PBXFileSystemSynchronizedRootGroup;
			path = TimeCardClientIOS;
			sourceTree = "<group>";
		};
		CA5660302EB2084E0020C944 /* TimeCardClientIOSTests */ = {
			isa = PBXFileSystemSynchronizedRootGroup;
			path = TimeCardClientIOSTests;
			sourceTree = "<group>";
		};
/* End PBXFileSystemSynchronizedRootGroup section */

/* Begin PBXFrameworksBuildPhase section */
		CA418FB02F037BDA0074B2E2 /* Frameworks */ = {
			isa = PBXFrameworksBuildPhase;
			buildActionMask = 2147483647;
			files = (
			);
			runOnlyForDeploymentPostprocessing = 0;
		};
		CA56601D2EB2084D0020C944 /* Frameworks */ = {
			isa = PBXFrameworksBuildPhase;
			buildActionMask = 2147483647;
			files = (
				CA07B6A42F44378600656E80 /* JapanHolidays in Frameworks */,
			);
			runOnlyForDeploymentPostprocessing = 0;
		};
		CA56602A2EB2084E0020C944 /* Frameworks */ = {
			isa = PBXFrameworksBuildPhase;
			buildActionMask = 2147483647;
			files = (
				CA8C83442F04E73700BB46FA /* OHHTTPStubs in Frameworks */,
				CA8C83462F04E73700BB46FA /* OHHTTPStubsSwift in Frameworks */,
			);
			runOnlyForDeploymentPostprocessing = 0;
		};
/* End PBXFrameworksBuildPhase section */

/* Begin PBXGroup section */
		CA5660172EB2084D0020C944 = {
			isa = PBXGroup;
			children = (
				CA5660222EB2084D0020C944 /* TimeCardClientIOS */,
				CA5660302EB2084E0020C944 /* TimeCardClientIOSTests */,
				CA418FB42F037BDA0074B2E2 /* TimeCardClientIOSUITests */,
				CA5660212EB2084D0020C944 /* Products */,
			);
			sourceTree = "<group>";
		};
		CA5660212EB2084D0020C944 /* Products */ = {
			isa = PBXGroup;
			children = (
				CA5660202EB2084D0020C944 /* TimeCardClientIOS.app */,
				CA56602D2EB2084E0020C944 /* TimeCardClientIOSTests.xctest */,
				CA418FB32F037BDA0074B2E2 /* TimeCardClientIOSUITests.xctest */,
			);
			name = Products;
			sourceTree = "<group>";
		};
/* End PBXGroup section */

/* Begin PBXNativeTarget section */
		CA418FB22F037BDA0074B2E2 /* TimeCardClientIOSUITests */ = {
			isa = PBXNativeTarget;
			buildConfigurationList = CA418FBD2F037BDA0074B2E2 /* Build configuration list for PBXNativeTarget "TimeCardClientIOSUITests" */;
			buildPhases = (
				CA418FAF2F037BDA0074B2E2 /* Sources */,
				CA418FB02F037BDA0074B2E2 /* Frameworks */,
				CA418FB12F037BDA0074B2E2 /* Resources */,
			);
			buildRules = (
			);
			dependencies = (
				CA418FBA2F037BDA0074B2E2 /* PBXTargetDependency */,
			);
			fileSystemSynchronizedGroups = (
				CA418FB42F037BDA0074B2E2 /* TimeCardClientIOSUITests */,
			);
			name = TimeCardClientIOSUITests;
			packageProductDependencies = (
			);
			productName = TimeCardClientIOSUITests;
			productReference = CA418FB32F037BDA0074B2E2 /* TimeCardClientIOSUITests.xctest */;
			productType = "com.apple.product-type.bundle.ui-testing";
		};
		CA56601F2EB2084D0020C944 /* TimeCardClientIOS */ = {
			isa = PBXNativeTarget;
			buildConfigurationList = CA5660412EB2084E0020C944 /* Build configuration list for PBXNativeTarget "TimeCardClientIOS" */;
			buildPhases = (
				CA56601C2EB2084D0020C944 /* Sources */,
				CA56601D2EB2084D0020C944 /* Frameworks */,
				CA56601E2EB2084D0020C944 /* Resources */,
			);
			buildRules = (
			);
			dependencies = (
			);
			fileSystemSynchronizedGroups = (
				CA5660222EB2084D0020C944 /* TimeCardClientIOS */,
			);
			name = TimeCardClientIOS;
			packageProductDependencies = (
				CA07B6A32F44378600656E80 /* JapanHolidays */,
			);
			productName = TimeCardClientIOS;
			productReference = CA5660202EB2084D0020C944 /* TimeCardClientIOS.app */;
			productType = "com.apple.product-type.application";
		};
		CA56602C2EB2084E0020C944 /* TimeCardClientIOSTests */ = {
			isa = PBXNativeTarget;
			buildConfigurationList = CA5660442EB2084E0020C944 /* Build configuration list for PBXNativeTarget "TimeCardClientIOSTests" */;
			buildPhases = (
				CA5660292EB2084E0020C944 /* Sources */,
				CA56602A2EB2084E0020C944 /* Frameworks */,
				CA56602B2EB2084E0020C944 /* Resources */,
			);
			buildRules = (
			);
			dependencies = (
				CA56602F2EB2084E0020C944 /* PBXTargetDependency */,
			);
			fileSystemSynchronizedGroups = (
				CA5660302EB2084E0020C944 /* TimeCardClientIOSTests */,
			);
			name = TimeCardClientIOSTests;
			packageProductDependencies = (
				CA8C83432F04E73700BB46FA /* OHHTTPStubs */,
				CA8C83452F04E73700BB46FA /* OHHTTPStubsSwift */,
			);
			productName = TimeCardClientIOSTests;
			productReference = CA56602D2EB2084E0020C944 /* TimeCardClientIOSTests.xctest */;
			productType = "com.apple.product-type.bundle.unit-test";
		};
/* End PBXNativeTarget section */

/* Begin PBXProject section */
		CA5660182EB2084D0020C944 /* Project object */ = {
			isa = PBXProject;
			attributes = {
				BuildIndependentTargetsInParallel = 1;
				LastSwiftUpdateCheck = 2610;
				LastUpgradeCheck = 2610;
				TargetAttributes = {
					CA418FB22F037BDA0074B2E2 = {
						CreatedOnToolsVersion = 26.1;
						TestTargetID = CA56601F2EB2084D0020C944;
					};
					CA56601F2EB2084D0020C944 = {
						CreatedOnToolsVersion = 16.4;
					};
					CA56602C2EB2084E0020C944 = {
						CreatedOnToolsVersion = 16.4;
						TestTargetID = CA56601F2EB2084D0020C944;
					};
				};
			};
			buildConfigurationList = CA56601B2EB2084D0020C944 /* Build configuration list for PBXProject "TimeCardClientIOS" */;
			developmentRegion = en;
			hasScannedForEncodings = 0;
			knownRegions = (
				en,
				Base,
			);
			mainGroup = CA5660172EB2084D0020C944;
			minimizedProjectReferenceProxies = 1;
			packageReferences = (
				CA8C83422F04E73700BB46FA /* XCRemoteSwiftPackageReference "OHHTTPStubs" */,
				CA07B6A22F44378600656E80 /* XCRemoteSwiftPackageReference "JapanHolidays_Swift" */,
			);
			preferredProjectObjectVersion = 77;
			productRefGroup = CA5660212EB2084D0020C944 /* Products */;
			projectDirPath = "";
			projectRoot = "";
			targets = (
				CA56601F2EB2084D0020C944 /* TimeCardClientIOS */,
				CA56602C2EB2084E0020C944 /* TimeCardClientIOSTests */,
				CA418FB22F037BDA0074B2E2 /* TimeCardClientIOSUITests */,
			);
		};
/* End PBXProject section */

/* Begin PBXResourcesBuildPhase section */
		CA418FB12F037BDA0074B2E2 /* Resources */ = {
			isa = PBXResourcesBuildPhase;
			buildActionMask = 2147483647;
			files = (
			);
			runOnlyForDeploymentPostprocessing = 0;
		};
		CA56601E2EB2084D0020C944 /* Resources */ = {
			isa = PBXResourcesBuildPhase;
			buildActionMask = 2147483647;
			files = (
			);
			runOnlyForDeploymentPostprocessing = 0;
		};
		CA56602B2EB2084E0020C944 /* Resources */ = {
			isa = PBXResourcesBuildPhase;
			buildActionMask = 2147483647;
			files = (
			);
			runOnlyForDeploymentPostprocessing = 0;
		};
/* End PBXResourcesBuildPhase section */

/* Begin PBXSourcesBuildPhase section */
		CA418FAF2F037BDA0074B2E2 /* Sources */ = {
			isa = PBXSourcesBuildPhase;
			buildActionMask = 2147483647;
			files = (
			);
			runOnlyForDeploymentPostprocessing = 0;
		};
		CA56601C2EB2084D0020C944 /* Sources */ = {
			isa = PBXSourcesBuildPhase;
			buildActionMask = 2147483647;
			files = (
			);
			runOnlyForDeploymentPostprocessing = 0;
		};
		CA5660292EB2084E0020C944 /* Sources */ = {
			isa = PBXSourcesBuildPhase;
			buildActionMask = 2147483647;
			files = (
			);
			runOnlyForDeploymentPostprocessing = 0;
		};
/* End PBXSourcesBuildPhase section */

/* Begin PBXTargetDependency section */
		CA418FBA2F037BDA0074B2E2 /* PBXTargetDependency */ = {
			isa = PBXTargetDependency;
			target = CA56601F2EB2084D0020C944 /* TimeCardClientIOS */;
			targetProxy = CA418FB92F037BDA0074B2E2 /* PBXContainerItemProxy */;
		};
		CA56602F2EB2084E0020C944 /* PBXTargetDependency */ = {
			isa = PBXTargetDependency;
			target = CA56601F2EB2084D0020C944 /* TimeCardClientIOS */;
			targetProxy = CA56602E2EB2084E0020C944 /* PBXContainerItemProxy */;
		};
/* End PBXTargetDependency section */

/* Begin XCBuildConfiguration section */
		CA418FBB2F037BDA0074B2E2 /* Debug */ = {
			isa = XCBuildConfiguration;
			buildSettings = {
				CODE_SIGN_STYLE = Automatic;
				CURRENT_PROJECT_VERSION = 1;
				GENERATE_INFOPLIST_FILE = YES;
				IPHONEOS_DEPLOYMENT_TARGET = 26.1;
				MARKETING_VERSION = 1.0;
				PRODUCT_BUNDLE_IDENTIFIER = jp.uhimania.TimeCardClientIOSUITests;
				PRODUCT_NAME = "$(TARGET_NAME)";
				STRING_CATALOG_GENERATE_SYMBOLS = NO;
				SWIFT_APPROACHABLE_CONCURRENCY = YES;
				SWIFT_EMIT_LOC_STRINGS = NO;
				SWIFT_UPCOMING_FEATURE_MEMBER_IMPORT_VISIBILITY = YES;
				SWIFT_VERSION = 5.0;
				TARGETED_DEVICE_FAMILY = "1,2";
				TEST_TARGET_NAME = TimeCardClientIOS;
			};
			name = Debug;
		};
		CA418FBC2F037BDA0074B2E2 /* Release */ = {
			isa = XCBuildConfiguration;
			buildSettings = {
				CODE_SIGN_STYLE = Automatic;
				CURRENT_PROJECT_VERSION = 1;
				GENERATE_INFOPLIST_FILE = YES;
				IPHONEOS_DEPLOYMENT_TARGET = 26.1;
				MARKETING_VERSION = 1.0;
				PRODUCT_BUNDLE_IDENTIFIER = jp.uhimania.TimeCardClientIOSUITests;
				PRODUCT_NAME = "$(TARGET_NAME)";
				STRING_CATALOG_GENERATE_SYMBOLS = NO;
				SWIFT_APPROACHABLE_CONCURRENCY = YES;
				SWIFT_EMIT_LOC_STRINGS = NO;
				SWIFT_UPCOMING_FEATURE_MEMBER_IMPORT_VISIBILITY = YES;
				SWIFT_VERSION = 5.0;
				TARGETED_DEVICE_FAMILY = "1,2";
				TEST_TARGET_NAME = TimeCardClientIOS;
			};
			name = Release;
		};
		CA56603F2EB2084E0020C944 /* Debug */ = {
			isa = XCBuildConfiguration;
			buildSettings = {
				ALWAYS_SEARCH_USER_PATHS = NO;
				ASSETCATALOG_COMPILER_GENERATE_SWIFT_ASSET_SYMBOL_EXTENSIONS = YES;
				CLANG_ANALYZER_NONNULL = YES;
				CLANG_ANALYZER_NUMBER_OBJECT_CONVERSION = YES_AGGRESSIVE;
				CLANG_CXX_LANGUAGE_STANDARD = "gnu++20";
				CLANG_ENABLE_MODULES = YES;
				CLANG_ENABLE_OBJC_ARC = YES;
				CLANG_ENABLE_OBJC_WEAK = YES;
				CLANG_WARN_BLOCK_CAPTURE_AUTORELEASING = YES;
				CLANG_WARN_BOOL_CONVERSION = YES;
				CLANG_WARN_COMMA = YES;
				CLANG_WARN_CONSTANT_CONVERSION = YES;
				CLANG_WARN_DEPRECATED_OBJC_IMPLEMENTATIONS = YES;
				CLANG_WARN_DIRECT_OBJC_ISA_USAGE = YES_ERROR;
				CLANG_WARN_DOCUMENTATION_COMMENTS = YES;
				CLANG_WARN_EMPTY_BODY = YES;
				CLANG_WARN_ENUM_CONVERSION = YES;
				CLANG_WARN_INFINITE_RECURSION = YES;
				CLANG_WARN_INT_CONVERSION = YES;
				CLANG_WARN_NON_LITERAL_NULL_CONVERSION = YES;
				CLANG_WARN_OBJC_IMPLICIT_RETAIN_SELF = YES;
				CLANG_WARN_OBJC_LITERAL_CONVERSION = YES;
				CLANG_WARN_OBJC_ROOT_CLASS = YES_ERROR;
				CLANG_WARN_QUOTED_INCLUDE_IN_FRAMEWORK_HEADER = YES;
				CLANG_WARN_RANGE_LOOP_ANALYSIS = YES;
				CLANG_WARN_STRICT_PROTOTYPES = YES;
				CLANG_WARN_SUSPICIOUS_MOVE = YES;
				CLANG_WARN_UNGUARDED_AVAILABILITY = YES_AGGRESSIVE;
				CLANG_WARN_UNREACHABLE_CODE = YES;
				CLANG_WARN__DUPLICATE_METHOD_MATCH = YES;
				COPY_PHASE_STRIP = NO;
				DEBUG_INFORMATION_FORMAT = dwarf;
				ENABLE_STRICT_OBJC_MSGSEND = YES;
				ENABLE_TESTABILITY = YES;
				ENABLE_USER_SCRIPT_SANDBOXING = YES;
				GCC_C_LANGUAGE_STANDARD = gnu17;
				GCC_DYNAMIC_NO_PIC = NO;
				GCC_NO_COMMON_BLOCKS = YES;
				GCC_OPTIMIZATION_LEVEL = 0;
				GCC_PREPROCESSOR_DEFINITIONS = (
					"DEBUG=1",
					"$(inherited)",
				);
				GCC_WARN_64_TO_32_BIT_CONVERSION = YES;
				GCC_WARN_ABOUT_RETURN_TYPE = YES_ERROR;
				GCC_WARN_UNDECLARED_SELECTOR = YES;
				GCC_WARN_UNINITIALIZED_AUTOS = YES_AGGRESSIVE;
				GCC_WARN_UNUSED_FUNCTION = YES;
				GCC_WARN_UNUSED_VARIABLE = YES;
				IPHONEOS_DEPLOYMENT_TARGET = 18.5;
				LOCALIZATION_PREFERS_STRING_CATALOGS = YES;
				MTL_ENABLE_DEBUG_INFO = INCLUDE_SOURCE;
				MTL_FAST_MATH = YES;
				ONLY_ACTIVE_ARCH = YES;
				SDKROOT = iphoneos;
				STRING_CATALOG_GENERATE_SYMBOLS = YES;
				SWIFT_ACTIVE_COMPILATION_CONDITIONS = "DEBUG $(inherited)";
				SWIFT_OPTIMIZATION_LEVEL = "-Onone";
			};
			name = Debug;
		};
		CA5660402EB2084E0020C944 /* Release */ = {
			isa = XCBuildConfiguration;
			buildSettings = {
				ALWAYS_SEARCH_USER_PATHS = NO;
				ASSETCATALOG_COMPILER_GENERATE_SWIFT_ASSET_SYMBOL_EXTENSIONS = YES;
				CLANG_ANALYZER_NONNULL = YES;
				CLANG_ANALYZER_NUMBER_OBJECT_CONVERSION = YES_AGGRESSIVE;
				CLANG_CXX_LANGUAGE_STANDARD = "gnu++20";
				CLANG_ENABLE_MODULES = YES;
				CLANG_ENABLE_OBJC_ARC = YES;
				CLANG_ENABLE_OBJC_WEAK = YES;
				CLANG_WARN_BLOCK_CAPTURE_AUTORELEASING = YES;
				CLANG_WARN_BOOL_CONVERSION = YES;
				CLANG_WARN_COMMA = YES;
				CLANG_WARN_CONSTANT_CONVERSION = YES;
				CLANG_WARN_DEPRECATED_OBJC_IMPLEMENTATIONS = YES;
				CLANG_WARN_DIRECT_OBJC_ISA_USAGE = YES_ERROR;
				CLANG_WARN_DOCUMENTATION_COMMENTS = YES;
				CLANG_WARN_EMPTY_BODY = YES;
				CLANG_WARN_ENUM_CONVERSION = YES;
				CLANG_WARN_INFINITE_RECURSION = YES;
				CLANG_WARN_INT_CONVERSION = YES;
				CLANG_WARN_NON_LITERAL_NULL_CONVERSION = YES;
				CLANG_WARN_OBJC_IMPLICIT_RETAIN_SELF = YES;
				CLANG_WARN_OBJC_LITERAL_CONVERSION = YES;
				CLANG_WARN_OBJC_ROOT_CLASS = YES_ERROR;
				CLANG_WARN_QUOTED_INCLUDE_IN_FRAMEWORK_HEADER = YES;
				CLANG_WARN_RANGE_LOOP_ANALYSIS = YES;
				CLANG_WARN_STRICT_PROTOTYPES = YES;
				CLANG_WARN_SUSPICIOUS_MOVE = YES;
				CLANG_WARN_UNGUARDED_AVAILABILITY = YES_AGGRESSIVE;
				CLANG_WARN_UNREACHABLE_CODE = YES;
				CLANG_WARN__DUPLICATE_METHOD_MATCH = YES;
				COPY_PHASE_STRIP = NO;
				DEBUG_INFORMATION_FORMAT = "dwarf-with-dsym";
				ENABLE_NS_ASSERTIONS = NO;
				ENABLE_STRICT_OBJC_MSGSEND = YES;
				ENABLE_USER_SCRIPT_SANDBOXING = YES;
				GCC_C_LANGUAGE_STANDARD = gnu17;
				GCC_NO_COMMON_BLOCKS = YES;
				GCC_WARN_64_TO_32_BIT_CONVERSION = YES;
				GCC_WARN_ABOUT_RETURN_TYPE = YES_ERROR;
				GCC_WARN_UNDECLARED_SELECTOR = YES;
				GCC_WARN_UNINITIALIZED_AUTOS = YES_AGGRESSIVE;
				GCC_WARN_UNUSED_FUNCTION = YES;
				GCC_WARN_UNUSED_VARIABLE = YES;
				IPHONEOS_DEPLOYMENT_TARGET = 18.5;
				LOCALIZATION_PREFERS_STRING_CATALOGS = YES;
				MTL_ENABLE_DEBUG_INFO = NO;
				MTL_FAST_MATH = YES;
				SDKROOT = iphoneos;
				STRING_CATALOG_GENERATE_SYMBOLS = YES;
				SWIFT_COMPILATION_MODE = wholemodule;
				VALIDATE_PRODUCT = YES;
			};
			name = Release;
		};
		CA5660422EB2084E0020C944 /* Debug */ = {
			isa = XCBuildConfiguration;
			buildSettings = {
				ASSETCATALOG_COMPILER_APPICON_NAME = AppIcon;
				ASSETCATALOG_COMPILER_GLOBAL_ACCENT_COLOR_NAME = AccentColor;
				CODE_SIGN_STYLE = Automatic;
				CURRENT_PROJECT_VERSION = 3.0;
				ENABLE_PREVIEWS = YES;
				GENERATE_INFOPLIST_FILE = YES;
				INFOPLIST_KEY_CFBundleDisplayName = "Time Card";
				INFOPLIST_KEY_UIApplicationSceneManifest_Generation = YES;
				INFOPLIST_KEY_UIApplicationSupportsIndirectInputEvents = YES;
				INFOPLIST_KEY_UILaunchScreen_Generation = YES;
				INFOPLIST_KEY_UISupportedInterfaceOrientations_iPad = "UIInterfaceOrientationPortrait UIInterfaceOrientationPortraitUpsideDown UIInterfaceOrientationLandscapeLeft UIInterfaceOrientationLandscapeRight";
				INFOPLIST_KEY_UISupportedInterfaceOrientations_iPhone = "UIInterfaceOrientationPortrait UIInterfaceOrientationLandscapeLeft UIInterfaceOrientationLandscapeRight";
				IPHONEOS_DEPLOYMENT_TARGET = 26.1;
				LD_RUNPATH_SEARCH_PATHS = (
					"$(inherited)",
					"@executable_path/Frameworks",
				);
				MARKETING_VERSION = 3.0;
				PRODUCT_BUNDLE_IDENTIFIER = jp.uhimania.TimeCardClientIOS;
				PRODUCT_NAME = "$(TARGET_NAME)";
				SWIFT_EMIT_LOC_STRINGS = YES;
				SWIFT_VERSION = 5.0;
				TARGETED_DEVICE_FAMILY = "1,2";
			};
			name = Debug;
		};
		CA5660432EB2084E0020C944 /* Release */ = {
			isa = XCBuildConfiguration;
			buildSettings = {
				ASSETCATALOG_COMPILER_APPICON_NAME = AppIcon;
				ASSETCATALOG_COMPILER_GLOBAL_ACCENT_COLOR_NAME = AccentColor;
				CODE_SIGN_STYLE = Automatic;
				CURRENT_PROJECT_VERSION = 3.0;
				ENABLE_PREVIEWS = YES;
				GENERATE_INFOPLIST_FILE = YES;
				INFOPLIST_KEY_CFBundleDisplayName = "Time Card";
				INFOPLIST_KEY_UIApplicationSceneManifest_Generation = YES;
				INFOPLIST_KEY_UIApplicationSupportsIndirectInputEvents = YES;
				INFOPLIST_KEY_UILaunchScreen_Generation = YES;
				INFOPLIST_KEY_UISupportedInterfaceOrientations_iPad = "UIInterfaceOrientationPortrait UIInterfaceOrientationPortraitUpsideDown UIInterfaceOrientationLandscapeLeft UIInterfaceOrientationLandscapeRight";
				INFOPLIST_KEY_UISupportedInterfaceOrientations_iPhone = "UIInterfaceOrientationPortrait UIInterfaceOrientationLandscapeLeft UIInterfaceOrientationLandscapeRight";
				IPHONEOS_DEPLOYMENT_TARGET = 26.1;
				LD_RUNPATH_SEARCH_PATHS = (
					"$(inherited)",
					"@executable_path/Frameworks",
				);
				MARKETING_VERSION = 3.0;
				PRODUCT_BUNDLE_IDENTIFIER = jp.uhimania.TimeCardClientIOS;
				PRODUCT_NAME = "$(TARGET_NAME)";
				SWIFT_EMIT_LOC_STRINGS = YES;
				SWIFT_VERSION = 5.0;
				TARGETED_DEVICE_FAMILY = "1,2";
			};
			name = Release;
		};
		CA5660452EB2084E0020C944 /* Debug */ = {
			isa = XCBuildConfiguration;
			buildSettings = {
				BUNDLE_LOADER = "$(TEST_HOST)";
				CODE_SIGN_STYLE = Automatic;
				CURRENT_PROJECT_VERSION = 1;
				GENERATE_INFOPLIST_FILE = YES;
				IPHONEOS_DEPLOYMENT_TARGET = 26.1;
				MARKETING_VERSION = 1.0;
				PRODUCT_BUNDLE_IDENTIFIER = jp.uhimania.TimeCardClientIOSTests;
				PRODUCT_NAME = "$(TARGET_NAME)";
				SWIFT_EMIT_LOC_STRINGS = NO;
				SWIFT_VERSION = 5.0;
				TARGETED_DEVICE_FAMILY = "1,2";
				TEST_HOST = "$(BUILT_PRODUCTS_DIR)/TimeCardClientIOS.app/$(BUNDLE_EXECUTABLE_FOLDER_PATH)/TimeCardClientIOS";
			};
			name = Debug;
		};
		CA5660462EB2084E0020C944 /* Release */ = {
			isa = XCBuildConfiguration;
			buildSettings = {
				BUNDLE_LOADER = "$(TEST_HOST)";
				CODE_SIGN_STYLE = Automatic;
				CURRENT_PROJECT_VERSION = 1;
				GENERATE_INFOPLIST_FILE = YES;
				IPHONEOS_DEPLOYMENT_TARGET = 26.1;
				MARKETING_VERSION = 1.0;
				PRODUCT_BUNDLE_IDENTIFIER = jp.uhimania.TimeCardClientIOSTests;
				PRODUCT_NAME = "$(TARGET_NAME)";
				SWIFT_EMIT_LOC_STRINGS = NO;
				SWIFT_VERSION = 5.0;
				TARGETED_DEVICE_FAMILY = "1,2";
				TEST_HOST = "$(BUILT_PRODUCTS_DIR)/TimeCardClientIOS.app/$(BUNDLE_EXECUTABLE_FOLDER_PATH)/TimeCardClientIOS";
			};
			name = Release;
		};
/* End XCBuildConfiguration section */

/* Begin XCConfigurationList section */
		CA418FBD2F037BDA0074B2E2 /* Build configuration list for PBXNativeTarget "TimeCardClientIOSUITests" */ = {
			isa = XCConfigurationList;
			buildConfigurations = (
				CA418FBB2F037BDA0074B2E2 /* Debug */,
				CA418FBC2F037BDA0074B2E2 /* Release */,
			);
			defaultConfigurationIsVisible = 0;
			defaultConfigurationName = Release;
		};
		CA56601B2EB2084D0020C944 /* Build configuration list for PBXProject "TimeCardClientIOS" */ = {
			isa = XCConfigurationList;
			buildConfigurations = (
				CA56603F2EB2084E0020C944 /* Debug */,
				CA5660402EB2084E0020C944 /* Release */,
			);
			defaultConfigurationIsVisible = 0;
			defaultConfigurationName = Release;
		};
		CA5660412EB2084E0020C944 /* Build configuration list for PBXNativeTarget "TimeCardClientIOS" */ = {
			isa = XCConfigurationList;
			buildConfigurations = (
				CA5660422EB2084E0020C944 /* Debug */,
				CA5660432EB2084E0020C944 /* Release */,
			);
			defaultConfigurationIsVisible = 0;
			defaultConfigurationName = Release;
		};
		CA5660442EB2084E0020C944 /* Build configuration list for PBXNativeTarget "TimeCardClientIOSTests" */ = {
			isa = XCConfigurationList;
			buildConfigurations = (
				CA5660452EB2084E0020C944 /* Debug */,
				CA5660462EB2084E0020C944 /* Release */,
			);
			defaultConfigurationIsVisible = 0;
			defaultConfigurationName = Release;
		};
/* End XCConfigurationList section */

/* Begin XCRemoteSwiftPackageReference section */
		CA07B6A22F44378600656E80 /* XCRemoteSwiftPackageReference "JapanHolidays_Swift" */ = {
			isa = XCRemoteSwiftPackageReference;
			repositoryURL = "https://github.com/kenji-fujisawa/JapanHolidays_Swift";
			requirement = {
				kind = upToNextMinorVersion;
				minimumVersion = 1.0.1;
			};
		};
		CA8C83422F04E73700BB46FA /* XCRemoteSwiftPackageReference "OHHTTPStubs" */ = {
			isa = XCRemoteSwiftPackageReference;
			repositoryURL = "https://github.com/AliSoftware/OHHTTPStubs?tab=readme-ov-file";
			requirement = {
				kind = exactVersion;
				version = 9.1.0;
			};
		};
/* End XCRemoteSwiftPackageReference section */

/* Begin XCSwiftPackageProductDependency section */
		CA07B6A32F44378600656E80 /* JapanHolidays */ = {
			isa = XCSwiftPackageProductDependency;
			package = CA07B6A22F44378600656E80 /* XCRemoteSwiftPackageReference "JapanHolidays_Swift" */;
			productName = JapanHolidays;
		};
		CA8C83432F04E73700BB46FA /* OHHTTPStubs */ = {
			isa = XCSwiftPackageProductDependency;
			package = CA8C83422F04E73700BB46FA /* XCRemoteSwiftPackageReference "OHHTTPStubs" */;
			productName = OHHTTPStubs;
		};
		CA8C83452F04E73700BB46FA /* OHHTTPStubsSwift */ = {
			isa = XCSwiftPackageProductDependency;
			package = CA8C83422F04E73700BB46FA /* XCRemoteSwiftPackageReference "OHHTTPStubs" */;
			productName = OHHTTPStubsSwift;
		};
/* End XCSwiftPackageProductDependency section */
	};
	rootObject = CA5660182EB2084D0020C944 /* Project object */;
}
